
Microsoft Visual Studio Solution File, Format Version 12.00
# Visual Studio Version 17
VisualStudioVersion = 17.9.34622.214
MinimumVisualStudioVersion = 10.0.40219.1
Project("{8BC9CEB8-8B4A-11D0-8D11-00A0C91BC942}") = "test_4.25", "test_4.25\test_4.25.vcxproj", "{28968973-FD49-4310-8414-75009C749E55}"
EndProject
Global
	GlobalSection(SolutionConfigurationPlatforms) = preSolution
		Debug|x64 = Debug|x64
		Debug|x86 = Debug|x86
		Release|x64 = Release|x64
		Release|x86 = Release|x86
	EndGlobalSection
	GlobalSection(ProjectConfigurationPlatforms) = postSolution
		{28968973-FD49-4310-8414-75009C749E55}.Debug|x64.ActiveCfg = Debug|x64
		{28968973-FD49-4310-8414-75009C749E55}.Debug|x64.Build.0 = Debug|x64
		{28968973-FD49-4310-8414-75009C749E55}.Debug|x86.ActiveCfg = Debug|Win32
		{28968973-FD49-4310-8414-75009C749E55}.Debug|x86.Build.0 = Debug|Win32
		{28968973-FD49-4310-8414-75009C749E55}.Release|x64.ActiveCfg = Release|x64
		{28968973-FD49-4310-8414-75009C749E55}.Release|x64.Build.0 = Release|x64
		{28968973-FD49-4310-8414-75009C749E55}.Release|x86.ActiveCfg = Release|Win32
		{28968973-FD49-4310-8414-75009C749E55}.Release|x86.Build.0 = Release|Win32
	EndGlobalSection
	GlobalSection(SolutionProperties) = preSolution
		HideSolutionNode = FALSE
	EndGlobalSection
	GlobalSection(ExtensibilityGlobals) = postSolution
		SolutionGuid = {F8EEC727-9803-423F-82F5-C46619F0CBB4}
	EndGlobalSection
EndGlobal
