
Microsoft Visual Studio Solution File, Format Version 12.00
# Visual Studio Version 17
VisualStudioVersion = 17.6.33723.286
MinimumVisualStudioVersion = 10.0.40219.1
Project("{8BC9CEB8-8B4A-11D0-8D11-00A0C91BC942}") = "test_6.23(string模拟实现)", "test_6.23(string模拟实现)\test_6.23(string模拟实现).vcxproj", "{981E91CA-B00A-4A11-B976-BEB790BD03F3}"
EndProject
Global
	GlobalSection(SolutionConfigurationPlatforms) = preSolution
		Debug|x64 = Debug|x64
		Debug|x86 = Debug|x86
		Release|x64 = Release|x64
		Release|x86 = Release|x86
	EndGlobalSection
	GlobalSection(ProjectConfigurationPlatforms) = postSolution
		{981E91CA-B00A-4A11-B976-BEB790BD03F3}.Debug|x64.ActiveCfg = Debug|x64
		{981E91CA-B00A-4A11-B976-BEB790BD03F3}.Debug|x64.Build.0 = Debug|x64
		{981E91CA-B00A-4A11-B976-BEB790BD03F3}.Debug|x86.ActiveCfg = Debug|Win32
		{981E91CA-B00A-4A11-B976-BEB790BD03F3}.Debug|x86.Build.0 = Debug|Win32
		{981E91CA-B00A-4A11-B976-BEB790BD03F3}.Release|x64.ActiveCfg = Release|x64
		{981E91CA-B00A-4A11-B976-BEB790BD03F3}.Release|x64.Build.0 = Release|x64
		{981E91CA-B00A-4A11-B976-BEB790BD03F3}.Release|x86.ActiveCfg = Release|Win32
		{981E91CA-B00A-4A11-B976-BEB790BD03F3}.Release|x86.Build.0 = Release|Win32
	EndGlobalSection
	GlobalSection(SolutionProperties) = preSolution
		HideSolutionNode = FALSE
	EndGlobalSection
	GlobalSection(ExtensibilityGlobals) = postSolution
		SolutionGuid = {6105CA8B-E101-4BFF-90AF-32961AEE8C20}
	EndGlobalSection
EndGlobal
