
Microsoft Visual Studio Solution File, Format Version 12.00
# Visual Studio Version 17
VisualStudioVersion = 17.6.33723.286
MinimumVisualStudioVersion = 10.0.40219.1
Project("{8BC9CEB8-8B4A-11D0-8D11-00A0C91BC942}") = "test_6.11(23程设Ⅱ-A-周14-课堂1)", "test_6.11(23程设Ⅱ-A-周14-课堂1)\test_6.11(23程设Ⅱ-A-周14-课堂1).vcxproj", "{DA48FE3C-DD70-4942-B20A-ABEE354E7AB5}"
EndProject
Global
	GlobalSection(SolutionConfigurationPlatforms) = preSolution
		Debug|x64 = Debug|x64
		Debug|x86 = Debug|x86
		Release|x64 = Release|x64
		Release|x86 = Release|x86
	EndGlobalSection
	GlobalSection(ProjectConfigurationPlatforms) = postSolution
		{DA48FE3C-DD70-4942-B20A-ABEE354E7AB5}.Debug|x64.ActiveCfg = Debug|x64
		{DA48FE3C-DD70-4942-B20A-ABEE354E7AB5}.Debug|x64.Build.0 = Debug|x64
		{DA48FE3C-DD70-4942-B20A-ABEE354E7AB5}.Debug|x86.ActiveCfg = Debug|Win32
		{DA48FE3C-DD70-4942-B20A-ABEE354E7AB5}.Debug|x86.Build.0 = Debug|Win32
		{DA48FE3C-DD70-4942-B20A-ABEE354E7AB5}.Release|x64.ActiveCfg = Release|x64
		{DA48FE3C-DD70-4942-B20A-ABEE354E7AB5}.Release|x64.Build.0 = Release|x64
		{DA48FE3C-DD70-4942-B20A-ABEE354E7AB5}.Release|x86.ActiveCfg = Release|Win32
		{DA48FE3C-DD70-4942-B20A-ABEE354E7AB5}.Release|x86.Build.0 = Release|Win32
	EndGlobalSection
	GlobalSection(SolutionProperties) = preSolution
		HideSolutionNode = FALSE
	EndGlobalSection
	GlobalSection(ExtensibilityGlobals) = postSolution
		SolutionGuid = {E9A3D30A-8ABE-44C6-86F6-DB273B104F46}
	EndGlobalSection
EndGlobal
