
Microsoft Visual Studio Solution File, Format Version 12.00
# Visual Studio Version 17
VisualStudioVersion = 17.4.33403.182
MinimumVisualStudioVersion = 10.0.40219.1
Project("{8BC9CEB8-8B4A-11D0-8D11-00A0C91BC942}") = "test_3.17", "test_3.17\test_3.17.vcxproj", "{7D0EF687-4D08-4D6C-A8A4-EFB43281C2AC}"
EndProject
Global
	GlobalSection(SolutionConfigurationPlatforms) = preSolution
		Debug|x64 = Debug|x64
		Debug|x86 = Debug|x86
		Release|x64 = Release|x64
		Release|x86 = Release|x86
	EndGlobalSection
	GlobalSection(ProjectConfigurationPlatforms) = postSolution
		{7D0EF687-4D08-4D6C-A8A4-EFB43281C2AC}.Debug|x64.ActiveCfg = Debug|x64
		{7D0EF687-4D08-4D6C-A8A4-EFB43281C2AC}.Debug|x64.Build.0 = Debug|x64
		{7D0EF687-4D08-4D6C-A8A4-EFB43281C2AC}.Debug|x86.ActiveCfg = Debug|Win32
		{7D0EF687-4D08-4D6C-A8A4-EFB43281C2AC}.Debug|x86.Build.0 = Debug|Win32
		{7D0EF687-4D08-4D6C-A8A4-EFB43281C2AC}.Release|x64.ActiveCfg = Release|x64
		{7D0EF687-4D08-4D6C-A8A4-EFB43281C2AC}.Release|x64.Build.0 = Release|x64
		{7D0EF687-4D08-4D6C-A8A4-EFB43281C2AC}.Release|x86.ActiveCfg = Release|Win32
		{7D0EF687-4D08-4D6C-A8A4-EFB43281C2AC}.Release|x86.Build.0 = Release|Win32
	EndGlobalSection
	GlobalSection(SolutionProperties) = preSolution
		HideSolutionNode = FALSE
	EndGlobalSection
	GlobalSection(ExtensibilityGlobals) = postSolution
		SolutionGuid = {2367E3C6-5FF5-44E5-AF6A-B67212C017B0}
	EndGlobalSection
EndGlobal
