
Microsoft Visual Studio Solution File, Format Version 12.00
# Visual Studio Version 17
VisualStudioVersion = 17.6.33723.286
MinimumVisualStudioVersion = 10.0.40219.1
Project("{8BC9CEB8-8B4A-11D0-8D11-00A0C91BC942}") = "test_6.15", "test_6.15\test_6.15.vcxproj", "{73D1ADFB-271D-4419-8551-4C375FBD381A}"
EndProject
Global
	GlobalSection(SolutionConfigurationPlatforms) = preSolution
		Debug|x64 = Debug|x64
		Debug|x86 = Debug|x86
		Release|x64 = Release|x64
		Release|x86 = Release|x86
	EndGlobalSection
	GlobalSection(ProjectConfigurationPlatforms) = postSolution
		{73D1ADFB-271D-4419-8551-4C375FBD381A}.Debug|x64.ActiveCfg = Debug|x64
		{73D1ADFB-271D-4419-8551-4C375FBD381A}.Debug|x64.Build.0 = Debug|x64
		{73D1ADFB-271D-4419-8551-4C375FBD381A}.Debug|x86.ActiveCfg = Debug|Win32
		{73D1ADFB-271D-4419-8551-4C375FBD381A}.Debug|x86.Build.0 = Debug|Win32
		{73D1ADFB-271D-4419-8551-4C375FBD381A}.Release|x64.ActiveCfg = Release|x64
		{73D1ADFB-271D-4419-8551-4C375FBD381A}.Release|x64.Build.0 = Release|x64
		{73D1ADFB-271D-4419-8551-4C375FBD381A}.Release|x86.ActiveCfg = Release|Win32
		{73D1ADFB-271D-4419-8551-4C375FBD381A}.Release|x86.Build.0 = Release|Win32
	EndGlobalSection
	GlobalSection(SolutionProperties) = preSolution
		HideSolutionNode = FALSE
	EndGlobalSection
	GlobalSection(ExtensibilityGlobals) = postSolution
		SolutionGuid = {11F4D692-1494-418A-96AB-C4A7E6B1E688}
	EndGlobalSection
EndGlobal
