
Microsoft Visual Studio Solution File, Format Version 12.00
# Visual Studio Version 17
VisualStudioVersion = 17.9.34728.123
MinimumVisualStudioVersion = 10.0.40219.1
Project("{8BC9CEB8-8B4A-11D0-8D11-00A0C91BC942}") = "test_9.16", "test_9.16\test_9.16.vcxproj", "{50F273BF-27A4-4F63-84C4-C7C80B5FDCC6}"
EndProject
Global
	GlobalSection(SolutionConfigurationPlatforms) = preSolution
		Debug|x64 = Debug|x64
		Debug|x86 = Debug|x86
		Release|x64 = Release|x64
		Release|x86 = Release|x86
	EndGlobalSection
	GlobalSection(ProjectConfigurationPlatforms) = postSolution
		{50F273BF-27A4-4F63-84C4-C7C80B5FDCC6}.Debug|x64.ActiveCfg = Debug|x64
		{50F273BF-27A4-4F63-84C4-C7C80B5FDCC6}.Debug|x64.Build.0 = Debug|x64
		{50F273BF-27A4-4F63-84C4-C7C80B5FDCC6}.Debug|x86.ActiveCfg = Debug|Win32
		{50F273BF-27A4-4F63-84C4-C7C80B5FDCC6}.Debug|x86.Build.0 = Debug|Win32
		{50F273BF-27A4-4F63-84C4-C7C80B5FDCC6}.Release|x64.ActiveCfg = Release|x64
		{50F273BF-27A4-4F63-84C4-C7C80B5FDCC6}.Release|x64.Build.0 = Release|x64
		{50F273BF-27A4-4F63-84C4-C7C80B5FDCC6}.Release|x86.ActiveCfg = Release|Win32
		{50F273BF-27A4-4F63-84C4-C7C80B5FDCC6}.Release|x86.Build.0 = Release|Win32
	EndGlobalSection
	GlobalSection(SolutionProperties) = preSolution
		HideSolutionNode = FALSE
	EndGlobalSection
	GlobalSection(ExtensibilityGlobals) = postSolution
		SolutionGuid = {85FB9C59-17D6-4AE1-A0AC-D9E068CC90B2}
	EndGlobalSection
EndGlobal
