
Microsoft Visual Studio Solution File, Format Version 12.00
# Visual Studio Version 17
VisualStudioVersion = 17.11.35222.181
MinimumVisualStudioVersion = 10.0.40219.1
Project("{8BC9CEB8-8B4A-11D0-8D11-00A0C91BC942}") = "test_9.26", "test_9.26\test_9.26.vcxproj", "{712CAB1D-3FD4-4FA9-B7C5-9CA7B2D87A63}"
EndProject
Global
	GlobalSection(SolutionConfigurationPlatforms) = preSolution
		Debug|x64 = Debug|x64
		Debug|x86 = Debug|x86
		Release|x64 = Release|x64
		Release|x86 = Release|x86
	EndGlobalSection
	GlobalSection(ProjectConfigurationPlatforms) = postSolution
		{712CAB1D-3FD4-4FA9-B7C5-9CA7B2D87A63}.Debug|x64.ActiveCfg = Debug|x64
		{712CAB1D-3FD4-4FA9-B7C5-9CA7B2D87A63}.Debug|x64.Build.0 = Debug|x64
		{712CAB1D-3FD4-4FA9-B7C5-9CA7B2D87A63}.Debug|x86.ActiveCfg = Debug|Win32
		{712CAB1D-3FD4-4FA9-B7C5-9CA7B2D87A63}.Debug|x86.Build.0 = Debug|Win32
		{712CAB1D-3FD4-4FA9-B7C5-9CA7B2D87A63}.Release|x64.ActiveCfg = Release|x64
		{712CAB1D-3FD4-4FA9-B7C5-9CA7B2D87A63}.Release|x64.Build.0 = Release|x64
		{712CAB1D-3FD4-4FA9-B7C5-9CA7B2D87A63}.Release|x86.ActiveCfg = Release|Win32
		{712CAB1D-3FD4-4FA9-B7C5-9CA7B2D87A63}.Release|x86.Build.0 = Release|Win32
	EndGlobalSection
	GlobalSection(SolutionProperties) = preSolution
		HideSolutionNode = FALSE
	EndGlobalSection
	GlobalSection(ExtensibilityGlobals) = postSolution
		SolutionGuid = {B6744805-41F9-4F4F-9CFC-F5C45AC34B27}
	EndGlobalSection
EndGlobal
