
Microsoft Visual Studio Solution File, Format Version 12.00
# Visual Studio Version 17
VisualStudioVersion = 17.7.34302.85
MinimumVisualStudioVersion = 10.0.40219.1
Project("{FAE04EC0-301F-11D3-BF4B-00C04F79EFBC}") = "test_12.17(饮品店管理系统)", "test_12.17(饮品店管理系统)\test_12.17(饮品店管理系统).csproj", "{4D20BD07-B66D-41B8-A17B-ACC4CA9148A8}"
EndProject
Global
	GlobalSection(SolutionConfigurationPlatforms) = preSolution
		Debug|Any CPU = Debug|Any CPU
		Release|Any CPU = Release|Any CPU
	EndGlobalSection
	GlobalSection(ProjectConfigurationPlatforms) = postSolution
		{4D20BD07-B66D-41B8-A17B-ACC4CA9148A8}.Debug|Any CPU.ActiveCfg = Debug|Any CPU
		{4D20BD07-B66D-41B8-A17B-ACC4CA9148A8}.Debug|Any CPU.Build.0 = Debug|Any CPU
		{4D20BD07-B66D-41B8-A17B-ACC4CA9148A8}.Release|Any CPU.ActiveCfg = Release|Any CPU
		{4D20BD07-B66D-41B8-A17B-ACC4CA9148A8}.Release|Any CPU.Build.0 = Release|Any CPU
	EndGlobalSection
	GlobalSection(SolutionProperties) = preSolution
		HideSolutionNode = FALSE
	EndGlobalSection
	GlobalSection(ExtensibilityGlobals) = postSolution
		SolutionGuid = {88D264B4-B6F6-44BE-9A41-C4B7460DA7C5}
	EndGlobalSection
EndGlobal
