
Microsoft Visual Studio Solution File, Format Version 12.00
# Visual Studio Version 17
VisualStudioVersion = 17.6.33829.357
MinimumVisualStudioVersion = 10.0.40219.1
Project("{8BC9CEB8-8B4A-11D0-8D11-00A0C91BC942}") = "test_8.13", "test_8.13\test_8.13.vcxproj", "{F941348D-E3BC-4E4A-BD37-7680684BDBC6}"
EndProject
Global
	GlobalSection(SolutionConfigurationPlatforms) = preSolution
		Debug|x64 = Debug|x64
		Debug|x86 = Debug|x86
		Release|x64 = Release|x64
		Release|x86 = Release|x86
	EndGlobalSection
	GlobalSection(ProjectConfigurationPlatforms) = postSolution
		{F941348D-E3BC-4E4A-BD37-7680684BDBC6}.Debug|x64.ActiveCfg = Debug|x64
		{F941348D-E3BC-4E4A-BD37-7680684BDBC6}.Debug|x64.Build.0 = Debug|x64
		{F941348D-E3BC-4E4A-BD37-7680684BDBC6}.Debug|x86.ActiveCfg = Debug|Win32
		{F941348D-E3BC-4E4A-BD37-7680684BDBC6}.Debug|x86.Build.0 = Debug|Win32
		{F941348D-E3BC-4E4A-BD37-7680684BDBC6}.Release|x64.ActiveCfg = Release|x64
		{F941348D-E3BC-4E4A-BD37-7680684BDBC6}.Release|x64.Build.0 = Release|x64
		{F941348D-E3BC-4E4A-BD37-7680684BDBC6}.Release|x86.ActiveCfg = Release|Win32
		{F941348D-E3BC-4E4A-BD37-7680684BDBC6}.Release|x86.Build.0 = Release|Win32
	EndGlobalSection
	GlobalSection(SolutionProperties) = preSolution
		HideSolutionNode = FALSE
	EndGlobalSection
	GlobalSection(ExtensibilityGlobals) = postSolution
		SolutionGuid = {6170DFEE-3717-45CA-A996-273302949A81}
	EndGlobalSection
EndGlobal
