
Microsoft Visual Studio Solution File, Format Version 12.00
# Visual Studio Version 17
VisualStudioVersion = 17.7.34031.279
MinimumVisualStudioVersion = 10.0.40219.1
Project("{8BC9CEB8-8B4A-11D0-8D11-00A0C91BC942}") = "test_10.12", "test_10.12\test_10.12.vcxproj", "{3FDC5943-E68A-4AA2-8ADD-C82F38DE51AF}"
EndProject
Global
	GlobalSection(SolutionConfigurationPlatforms) = preSolution
		Debug|x64 = Debug|x64
		Debug|x86 = Debug|x86
		Release|x64 = Release|x64
		Release|x86 = Release|x86
	EndGlobalSection
	GlobalSection(ProjectConfigurationPlatforms) = postSolution
		{3FDC5943-E68A-4AA2-8ADD-C82F38DE51AF}.Debug|x64.ActiveCfg = Debug|x64
		{3FDC5943-E68A-4AA2-8ADD-C82F38DE51AF}.Debug|x64.Build.0 = Debug|x64
		{3FDC5943-E68A-4AA2-8ADD-C82F38DE51AF}.Debug|x86.ActiveCfg = Debug|Win32
		{3FDC5943-E68A-4AA2-8ADD-C82F38DE51AF}.Debug|x86.Build.0 = Debug|Win32
		{3FDC5943-E68A-4AA2-8ADD-C82F38DE51AF}.Release|x64.ActiveCfg = Release|x64
		{3FDC5943-E68A-4AA2-8ADD-C82F38DE51AF}.Release|x64.Build.0 = Release|x64
		{3FDC5943-E68A-4AA2-8ADD-C82F38DE51AF}.Release|x86.ActiveCfg = Release|Win32
		{3FDC5943-E68A-4AA2-8ADD-C82F38DE51AF}.Release|x86.Build.0 = Release|Win32
	EndGlobalSection
	GlobalSection(SolutionProperties) = preSolution
		HideSolutionNode = FALSE
	EndGlobalSection
	GlobalSection(ExtensibilityGlobals) = postSolution
		SolutionGuid = {5D58E456-8043-4920-B136-05063FFD7900}
	EndGlobalSection
EndGlobal
