
Microsoft Visual Studio Solution File, Format Version 12.00
# Visual Studio Version 17
VisualStudioVersion = 17.7.34024.191
MinimumVisualStudioVersion = 10.0.40219.1
Project("{FAE04EC0-301F-11D3-BF4B-00C04F79EFBC}") = "test_9.19(C#)", "test_9.19(C#)\test_9.19(C#).csproj", "{EC3FD883-6964-416F-9DC1-4B0EC753A43B}"
EndProject
Global
	GlobalSection(SolutionConfigurationPlatforms) = preSolution
		Debug|Any CPU = Debug|Any CPU
		Release|Any CPU = Release|Any CPU
	EndGlobalSection
	GlobalSection(ProjectConfigurationPlatforms) = postSolution
		{EC3FD883-6964-416F-9DC1-4B0EC753A43B}.Debug|Any CPU.ActiveCfg = Debug|Any CPU
		{EC3FD883-6964-416F-9DC1-4B0EC753A43B}.Debug|Any CPU.Build.0 = Debug|Any CPU
		{EC3FD883-6964-416F-9DC1-4B0EC753A43B}.Release|Any CPU.ActiveCfg = Release|Any CPU
		{EC3FD883-6964-416F-9DC1-4B0EC753A43B}.Release|Any CPU.Build.0 = Release|Any CPU
	EndGlobalSection
	GlobalSection(SolutionProperties) = preSolution
		HideSolutionNode = FALSE
	EndGlobalSection
	GlobalSection(ExtensibilityGlobals) = postSolution
		SolutionGuid = {EBE93058-3529-4064-9E4F-E1E79F3B43C4}
	EndGlobalSection
EndGlobal
