
Microsoft Visual Studio Solution File, Format Version 12.00
# Visual Studio Version 17
VisualStudioVersion = 17.11.35327.3
MinimumVisualStudioVersion = 10.0.40219.1
Project("{8BC9CEB8-8B4A-11D0-8D11-00A0C91BC942}") = "test_10.17", "test_10.17\test_10.17.vcxproj", "{725E69FE-1DD0-4697-BAC8-30D00117A722}"
EndProject
Global
	GlobalSection(SolutionConfigurationPlatforms) = preSolution
		Debug|x64 = Debug|x64
		Debug|x86 = Debug|x86
		Release|x64 = Release|x64
		Release|x86 = Release|x86
	EndGlobalSection
	GlobalSection(ProjectConfigurationPlatforms) = postSolution
		{725E69FE-1DD0-4697-BAC8-30D00117A722}.Debug|x64.ActiveCfg = Debug|x64
		{725E69FE-1DD0-4697-BAC8-30D00117A722}.Debug|x64.Build.0 = Debug|x64
		{725E69FE-1DD0-4697-BAC8-30D00117A722}.Debug|x86.ActiveCfg = Debug|Win32
		{725E69FE-1DD0-4697-BAC8-30D00117A722}.Debug|x86.Build.0 = Debug|Win32
		{725E69FE-1DD0-4697-BAC8-30D00117A722}.Release|x64.ActiveCfg = Release|x64
		{725E69FE-1DD0-4697-BAC8-30D00117A722}.Release|x64.Build.0 = Release|x64
		{725E69FE-1DD0-4697-BAC8-30D00117A722}.Release|x86.ActiveCfg = Release|Win32
		{725E69FE-1DD0-4697-BAC8-30D00117A722}.Release|x86.Build.0 = Release|Win32
	EndGlobalSection
	GlobalSection(SolutionProperties) = preSolution
		HideSolutionNode = FALSE
	EndGlobalSection
	GlobalSection(ExtensibilityGlobals) = postSolution
		SolutionGuid = {EF2E9585-78AB-402D-AB4B-A268F9FE482E}
	EndGlobalSection
EndGlobal
