
Microsoft Visual Studio Solution File, Format Version 12.00
# Visual Studio Version 17
VisualStudioVersion = 17.9.34622.214
MinimumVisualStudioVersion = 10.0.40219.1
Project("{8BC9CEB8-8B4A-11D0-8D11-00A0C91BC942}") = "test_5.9", "test_5.9\test_5.9.vcxproj", "{78DEB5E6-82E4-42CE-A6CD-D9AD7C8AB1DC}"
EndProject
Global
	GlobalSection(SolutionConfigurationPlatforms) = preSolution
		Debug|x64 = Debug|x64
		Debug|x86 = Debug|x86
		Release|x64 = Release|x64
		Release|x86 = Release|x86
	EndGlobalSection
	GlobalSection(ProjectConfigurationPlatforms) = postSolution
		{78DEB5E6-82E4-42CE-A6CD-D9AD7C8AB1DC}.Debug|x64.ActiveCfg = Debug|x64
		{78DEB5E6-82E4-42CE-A6CD-D9AD7C8AB1DC}.Debug|x64.Build.0 = Debug|x64
		{78DEB5E6-82E4-42CE-A6CD-D9AD7C8AB1DC}.Debug|x86.ActiveCfg = Debug|Win32
		{78DEB5E6-82E4-42CE-A6CD-D9AD7C8AB1DC}.Debug|x86.Build.0 = Debug|Win32
		{78DEB5E6-82E4-42CE-A6CD-D9AD7C8AB1DC}.Release|x64.ActiveCfg = Release|x64
		{78DEB5E6-82E4-42CE-A6CD-D9AD7C8AB1DC}.Release|x64.Build.0 = Release|x64
		{78DEB5E6-82E4-42CE-A6CD-D9AD7C8AB1DC}.Release|x86.ActiveCfg = Release|Win32
		{78DEB5E6-82E4-42CE-A6CD-D9AD7C8AB1DC}.Release|x86.Build.0 = Release|Win32
	EndGlobalSection
	GlobalSection(SolutionProperties) = preSolution
		HideSolutionNode = FALSE
	EndGlobalSection
	GlobalSection(ExtensibilityGlobals) = postSolution
		SolutionGuid = {C613A406-DFFF-4FDB-9C89-4780224293E1}
	EndGlobalSection
EndGlobal
