
Microsoft Visual Studio Solution File, Format Version 12.00
# Visual Studio Version 17
VisualStudioVersion = 17.9.34622.214
MinimumVisualStudioVersion = 10.0.40219.1
Project("{8BC9CEB8-8B4A-11D0-8D11-00A0C91BC942}") = "test_3.24", "test_3.24\test_3.24.vcxproj", "{F74D9207-F9A4-462A-8083-E828F1D9CE3E}"
EndProject
Global
	GlobalSection(SolutionConfigurationPlatforms) = preSolution
		Debug|x64 = Debug|x64
		Debug|x86 = Debug|x86
		Release|x64 = Release|x64
		Release|x86 = Release|x86
	EndGlobalSection
	GlobalSection(ProjectConfigurationPlatforms) = postSolution
		{F74D9207-F9A4-462A-8083-E828F1D9CE3E}.Debug|x64.ActiveCfg = Debug|x64
		{F74D9207-F9A4-462A-8083-E828F1D9CE3E}.Debug|x64.Build.0 = Debug|x64
		{F74D9207-F9A4-462A-8083-E828F1D9CE3E}.Debug|x86.ActiveCfg = Debug|Win32
		{F74D9207-F9A4-462A-8083-E828F1D9CE3E}.Debug|x86.Build.0 = Debug|Win32
		{F74D9207-F9A4-462A-8083-E828F1D9CE3E}.Release|x64.ActiveCfg = Release|x64
		{F74D9207-F9A4-462A-8083-E828F1D9CE3E}.Release|x64.Build.0 = Release|x64
		{F74D9207-F9A4-462A-8083-E828F1D9CE3E}.Release|x86.ActiveCfg = Release|Win32
		{F74D9207-F9A4-462A-8083-E828F1D9CE3E}.Release|x86.Build.0 = Release|Win32
	EndGlobalSection
	GlobalSection(SolutionProperties) = preSolution
		HideSolutionNode = FALSE
	EndGlobalSection
	GlobalSection(ExtensibilityGlobals) = postSolution
		SolutionGuid = {3DC5161B-2A49-43E2-BAC8-BEAED4C3F440}
	EndGlobalSection
EndGlobal
