
Microsoft Visual Studio Solution File, Format Version 12.00
# Visual Studio Version 17
VisualStudioVersion = 17.7.34302.85
MinimumVisualStudioVersion = 10.0.40219.1
Project("{FAE04EC0-301F-11D3-BF4B-00C04F79EFBC}") = "test_12.3(case1201)", "test_12.3(case1201)\test_12.3(case1201).csproj", "{4D293968-1546-46A6-BB68-210A9C8C6C61}"
EndProject
Global
	GlobalSection(SolutionConfigurationPlatforms) = preSolution
		Debug|Any CPU = Debug|Any CPU
		Release|Any CPU = Release|Any CPU
	EndGlobalSection
	GlobalSection(ProjectConfigurationPlatforms) = postSolution
		{4D293968-1546-46A6-BB68-210A9C8C6C61}.Debug|Any CPU.ActiveCfg = Debug|Any CPU
		{4D293968-1546-46A6-BB68-210A9C8C6C61}.Debug|Any CPU.Build.0 = Debug|Any CPU
		{4D293968-1546-46A6-BB68-210A9C8C6C61}.Release|Any CPU.ActiveCfg = Release|Any CPU
		{4D293968-1546-46A6-BB68-210A9C8C6C61}.Release|Any CPU.Build.0 = Release|Any CPU
	EndGlobalSection
	GlobalSection(SolutionProperties) = preSolution
		HideSolutionNode = FALSE
	EndGlobalSection
	GlobalSection(ExtensibilityGlobals) = postSolution
		SolutionGuid = {7E1ACB96-ABCD-4F62-931F-D5BE59F3626C}
	EndGlobalSection
EndGlobal
