
Microsoft Visual Studio Solution File, Format Version 12.00
# Visual Studio Version 17
VisualStudioVersion = 17.7.34031.279
MinimumVisualStudioVersion = 10.0.40219.1
Project("{8BC9CEB8-8B4A-11D0-8D11-00A0C91BC942}") = "test_11.2", "test_11.2\test_11.2.vcxproj", "{BF5179E2-ED9B-4F8A-8AC9-03B3F0FF507F}"
EndProject
Global
	GlobalSection(SolutionConfigurationPlatforms) = preSolution
		Debug|x64 = Debug|x64
		Debug|x86 = Debug|x86
		Release|x64 = Release|x64
		Release|x86 = Release|x86
	EndGlobalSection
	GlobalSection(ProjectConfigurationPlatforms) = postSolution
		{BF5179E2-ED9B-4F8A-8AC9-03B3F0FF507F}.Debug|x64.ActiveCfg = Debug|x64
		{BF5179E2-ED9B-4F8A-8AC9-03B3F0FF507F}.Debug|x64.Build.0 = Debug|x64
		{BF5179E2-ED9B-4F8A-8AC9-03B3F0FF507F}.Debug|x86.ActiveCfg = Debug|Win32
		{BF5179E2-ED9B-4F8A-8AC9-03B3F0FF507F}.Debug|x86.Build.0 = Debug|Win32
		{BF5179E2-ED9B-4F8A-8AC9-03B3F0FF507F}.Release|x64.ActiveCfg = Release|x64
		{BF5179E2-ED9B-4F8A-8AC9-03B3F0FF507F}.Release|x64.Build.0 = Release|x64
		{BF5179E2-ED9B-4F8A-8AC9-03B3F0FF507F}.Release|x86.ActiveCfg = Release|Win32
		{BF5179E2-ED9B-4F8A-8AC9-03B3F0FF507F}.Release|x86.Build.0 = Release|Win32
	EndGlobalSection
	GlobalSection(SolutionProperties) = preSolution
		HideSolutionNode = FALSE
	EndGlobalSection
	GlobalSection(ExtensibilityGlobals) = postSolution
		SolutionGuid = {D53912AD-46D2-4A33-948A-0ED1B184AD75}
	EndGlobalSection
EndGlobal
