
Microsoft Visual Studio Solution File, Format Version 12.00
# Visual Studio Version 17
VisualStudioVersion = 17.9.34622.214
MinimumVisualStudioVersion = 10.0.40219.1
Project("{8BC9CEB8-8B4A-11D0-8D11-00A0C91BC942}") = "test_7.7", "test_7.7\test_7.7.vcxproj", "{6CBB2251-371B-44E9-9554-E80101A926D0}"
EndProject
Global
	GlobalSection(SolutionConfigurationPlatforms) = preSolution
		Debug|x64 = Debug|x64
		Debug|x86 = Debug|x86
		Release|x64 = Release|x64
		Release|x86 = Release|x86
	EndGlobalSection
	GlobalSection(ProjectConfigurationPlatforms) = postSolution
		{6CBB2251-371B-44E9-9554-E80101A926D0}.Debug|x64.ActiveCfg = Debug|x64
		{6CBB2251-371B-44E9-9554-E80101A926D0}.Debug|x64.Build.0 = Debug|x64
		{6CBB2251-371B-44E9-9554-E80101A926D0}.Debug|x86.ActiveCfg = Debug|Win32
		{6CBB2251-371B-44E9-9554-E80101A926D0}.Debug|x86.Build.0 = Debug|Win32
		{6CBB2251-371B-44E9-9554-E80101A926D0}.Release|x64.ActiveCfg = Release|x64
		{6CBB2251-371B-44E9-9554-E80101A926D0}.Release|x64.Build.0 = Release|x64
		{6CBB2251-371B-44E9-9554-E80101A926D0}.Release|x86.ActiveCfg = Release|Win32
		{6CBB2251-371B-44E9-9554-E80101A926D0}.Release|x86.Build.0 = Release|Win32
	EndGlobalSection
	GlobalSection(SolutionProperties) = preSolution
		HideSolutionNode = FALSE
	EndGlobalSection
	GlobalSection(ExtensibilityGlobals) = postSolution
		SolutionGuid = {627B4891-D2CF-499B-95B7-715933573431}
	EndGlobalSection
EndGlobal
