
Microsoft Visual Studio Solution File, Format Version 12.00
# Visual Studio Version 17
VisualStudioVersion = 17.7.34024.191
MinimumVisualStudioVersion = 10.0.40219.1
Project("{8BC9CEB8-8B4A-11D0-8D11-00A0C91BC942}") = "test_9.21", "test_9.21\test_9.21.vcxproj", "{49BF4AE3-FD87-4C78-AA33-4936EEFBF03B}"
EndProject
Global
	GlobalSection(SolutionConfigurationPlatforms) = preSolution
		Debug|x64 = Debug|x64
		Debug|x86 = Debug|x86
		Release|x64 = Release|x64
		Release|x86 = Release|x86
	EndGlobalSection
	GlobalSection(ProjectConfigurationPlatforms) = postSolution
		{49BF4AE3-FD87-4C78-AA33-4936EEFBF03B}.Debug|x64.ActiveCfg = Debug|x64
		{49BF4AE3-FD87-4C78-AA33-4936EEFBF03B}.Debug|x64.Build.0 = Debug|x64
		{49BF4AE3-FD87-4C78-AA33-4936EEFBF03B}.Debug|x86.ActiveCfg = Debug|Win32
		{49BF4AE3-FD87-4C78-AA33-4936EEFBF03B}.Debug|x86.Build.0 = Debug|Win32
		{49BF4AE3-FD87-4C78-AA33-4936EEFBF03B}.Release|x64.ActiveCfg = Release|x64
		{49BF4AE3-FD87-4C78-AA33-4936EEFBF03B}.Release|x64.Build.0 = Release|x64
		{49BF4AE3-FD87-4C78-AA33-4936EEFBF03B}.Release|x86.ActiveCfg = Release|Win32
		{49BF4AE3-FD87-4C78-AA33-4936EEFBF03B}.Release|x86.Build.0 = Release|Win32
	EndGlobalSection
	GlobalSection(SolutionProperties) = preSolution
		HideSolutionNode = FALSE
	EndGlobalSection
	GlobalSection(ExtensibilityGlobals) = postSolution
		SolutionGuid = {C2DBC2EF-D9B0-4904-BD8C-50F1EF4B1986}
	EndGlobalSection
EndGlobal
