
Microsoft Visual Studio Solution File, Format Version 12.00
# Visual Studio Version 17
VisualStudioVersion = 17.5.33627.172
MinimumVisualStudioVersion = 10.0.40219.1
Project("{8BC9CEB8-8B4A-11D0-8D11-00A0C91BC942}") = "test_5.24", "test_5.24\test_5.24.vcxproj", "{67790831-A00F-4F2C-9B06-F798C62F0C78}"
EndProject
Global
	GlobalSection(SolutionConfigurationPlatforms) = preSolution
		Debug|x64 = Debug|x64
		Debug|x86 = Debug|x86
		Release|x64 = Release|x64
		Release|x86 = Release|x86
	EndGlobalSection
	GlobalSection(ProjectConfigurationPlatforms) = postSolution
		{67790831-A00F-4F2C-9B06-F798C62F0C78}.Debug|x64.ActiveCfg = Debug|x64
		{67790831-A00F-4F2C-9B06-F798C62F0C78}.Debug|x64.Build.0 = Debug|x64
		{67790831-A00F-4F2C-9B06-F798C62F0C78}.Debug|x86.ActiveCfg = Debug|Win32
		{67790831-A00F-4F2C-9B06-F798C62F0C78}.Debug|x86.Build.0 = Debug|Win32
		{67790831-A00F-4F2C-9B06-F798C62F0C78}.Release|x64.ActiveCfg = Release|x64
		{67790831-A00F-4F2C-9B06-F798C62F0C78}.Release|x64.Build.0 = Release|x64
		{67790831-A00F-4F2C-9B06-F798C62F0C78}.Release|x86.ActiveCfg = Release|Win32
		{67790831-A00F-4F2C-9B06-F798C62F0C78}.Release|x86.Build.0 = Release|Win32
	EndGlobalSection
	GlobalSection(SolutionProperties) = preSolution
		HideSolutionNode = FALSE
	EndGlobalSection
	GlobalSection(ExtensibilityGlobals) = postSolution
		SolutionGuid = {526578E9-2A68-4F5F-9BBE-E8C1FC4CFE1E}
	EndGlobalSection
EndGlobal
