
Microsoft Visual Studio Solution File, Format Version 12.00
# Visual Studio Version 17
VisualStudioVersion = 17.13.35913.81 d17.13
MinimumVisualStudioVersion = 10.0.40219.1
Project("{8BC9CEB8-8B4A-11D0-8D11-00A0C91BC942}") = "test_4.27", "test_4.27\test_4.27.vcxproj", "{F250133B-0111-43DD-AB03-A50AF6BB0AAF}"
EndProject
Global
	GlobalSection(SolutionConfigurationPlatforms) = preSolution
		Debug|x64 = Debug|x64
		Debug|x86 = Debug|x86
		Release|x64 = Release|x64
		Release|x86 = Release|x86
	EndGlobalSection
	GlobalSection(ProjectConfigurationPlatforms) = postSolution
		{F250133B-0111-43DD-AB03-A50AF6BB0AAF}.Debug|x64.ActiveCfg = Debug|x64
		{F250133B-0111-43DD-AB03-A50AF6BB0AAF}.Debug|x64.Build.0 = Debug|x64
		{F250133B-0111-43DD-AB03-A50AF6BB0AAF}.Debug|x86.ActiveCfg = Debug|Win32
		{F250133B-0111-43DD-AB03-A50AF6BB0AAF}.Debug|x86.Build.0 = Debug|Win32
		{F250133B-0111-43DD-AB03-A50AF6BB0AAF}.Release|x64.ActiveCfg = Release|x64
		{F250133B-0111-43DD-AB03-A50AF6BB0AAF}.Release|x64.Build.0 = Release|x64
		{F250133B-0111-43DD-AB03-A50AF6BB0AAF}.Release|x86.ActiveCfg = Release|Win32
		{F250133B-0111-43DD-AB03-A50AF6BB0AAF}.Release|x86.Build.0 = Release|Win32
	EndGlobalSection
	GlobalSection(SolutionProperties) = preSolution
		HideSolutionNode = FALSE
	EndGlobalSection
	GlobalSection(ExtensibilityGlobals) = postSolution
		SolutionGuid = {C7F252BC-61EF-4400-AB70-BBB00DEB27D9}
	EndGlobalSection
EndGlobal
