
Microsoft Visual Studio Solution File, Format Version 12.00
# Visual Studio Version 17
VisualStudioVersion = 17.9.34622.214
MinimumVisualStudioVersion = 10.0.40219.1
Project("{8BC9CEB8-8B4A-11D0-8D11-00A0C91BC942}") = "test_8.19", "test_8.19\test_8.19.vcxproj", "{74622864-02BA-476A-8176-27CE95BC4B35}"
EndProject
Global
	GlobalSection(SolutionConfigurationPlatforms) = preSolution
		Debug|x64 = Debug|x64
		Debug|x86 = Debug|x86
		Release|x64 = Release|x64
		Release|x86 = Release|x86
	EndGlobalSection
	GlobalSection(ProjectConfigurationPlatforms) = postSolution
		{74622864-02BA-476A-8176-27CE95BC4B35}.Debug|x64.ActiveCfg = Debug|x64
		{74622864-02BA-476A-8176-27CE95BC4B35}.Debug|x64.Build.0 = Debug|x64
		{74622864-02BA-476A-8176-27CE95BC4B35}.Debug|x86.ActiveCfg = Debug|Win32
		{74622864-02BA-476A-8176-27CE95BC4B35}.Debug|x86.Build.0 = Debug|Win32
		{74622864-02BA-476A-8176-27CE95BC4B35}.Release|x64.ActiveCfg = Release|x64
		{74622864-02BA-476A-8176-27CE95BC4B35}.Release|x64.Build.0 = Release|x64
		{74622864-02BA-476A-8176-27CE95BC4B35}.Release|x86.ActiveCfg = Release|Win32
		{74622864-02BA-476A-8176-27CE95BC4B35}.Release|x86.Build.0 = Release|Win32
	EndGlobalSection
	GlobalSection(SolutionProperties) = preSolution
		HideSolutionNode = FALSE
	EndGlobalSection
	GlobalSection(ExtensibilityGlobals) = postSolution
		SolutionGuid = {45FDB99D-F542-449C-A32F-A2792F31AEAA}
	EndGlobalSection
EndGlobal
