
Microsoft Visual Studio Solution File, Format Version 12.00
# Visual Studio Version 17
VisualStudioVersion = 17.9.34616.47
MinimumVisualStudioVersion = 10.0.40219.1
Project("{8BC9CEB8-8B4A-11D0-8D11-00A0C91BC942}") = "test_3.6", "test_3.6\test_3.6.vcxproj", "{E7FC55E2-5839-444B-9860-E0FEEA797353}"
EndProject
Global
	GlobalSection(SolutionConfigurationPlatforms) = preSolution
		Debug|x64 = Debug|x64
		Debug|x86 = Debug|x86
		Release|x64 = Release|x64
		Release|x86 = Release|x86
	EndGlobalSection
	GlobalSection(ProjectConfigurationPlatforms) = postSolution
		{E7FC55E2-5839-444B-9860-E0FEEA797353}.Debug|x64.ActiveCfg = Debug|x64
		{E7FC55E2-5839-444B-9860-E0FEEA797353}.Debug|x64.Build.0 = Debug|x64
		{E7FC55E2-5839-444B-9860-E0FEEA797353}.Debug|x86.ActiveCfg = Debug|Win32
		{E7FC55E2-5839-444B-9860-E0FEEA797353}.Debug|x86.Build.0 = Debug|Win32
		{E7FC55E2-5839-444B-9860-E0FEEA797353}.Release|x64.ActiveCfg = Release|x64
		{E7FC55E2-5839-444B-9860-E0FEEA797353}.Release|x64.Build.0 = Release|x64
		{E7FC55E2-5839-444B-9860-E0FEEA797353}.Release|x86.ActiveCfg = Release|Win32
		{E7FC55E2-5839-444B-9860-E0FEEA797353}.Release|x86.Build.0 = Release|Win32
	EndGlobalSection
	GlobalSection(SolutionProperties) = preSolution
		HideSolutionNode = FALSE
	EndGlobalSection
	GlobalSection(ExtensibilityGlobals) = postSolution
		SolutionGuid = {86801E42-69FA-469A-8CFB-B496062A359B}
	EndGlobalSection
EndGlobal
