
Microsoft Visual Studio Solution File, Format Version 12.00
# Visual Studio Version 17
VisualStudioVersion = 17.11.35327.3
MinimumVisualStudioVersion = 10.0.40219.1
Project("{FAE04EC0-301F-11D3-BF4B-00C04F79EFBC}") = "WindowsFormsApp1", "WindowsFormsApp1\WindowsFormsApp1.csproj", "{6C023EBE-E424-4328-A579-209000B4303B}"
EndProject
Global
	GlobalSection(SolutionConfigurationPlatforms) = preSolution
		Debug|Any CPU = Debug|Any CPU
		Release|Any CPU = Release|Any CPU
	EndGlobalSection
	GlobalSection(ProjectConfigurationPlatforms) = postSolution
		{6C023EBE-E424-4328-A579-209000B4303B}.Debug|Any CPU.ActiveCfg = Debug|Any CPU
		{6C023EBE-E424-4328-A579-209000B4303B}.Debug|Any CPU.Build.0 = Debug|Any CPU
		{6C023EBE-E424-4328-A579-209000B4303B}.Release|Any CPU.ActiveCfg = Release|Any CPU
		{6C023EBE-E424-4328-A579-209000B4303B}.Release|Any CPU.Build.0 = Release|Any CPU
	EndGlobalSection
	GlobalSection(SolutionProperties) = preSolution
		HideSolutionNode = FALSE
	EndGlobalSection
	GlobalSection(ExtensibilityGlobals) = postSolution
		SolutionGuid = {27D30BFA-3780-4BC9-B47C-179CD673E230}
	EndGlobalSection
EndGlobal
