
Microsoft Visual Studio Solution File, Format Version 12.00
# Visual Studio Version 17
VisualStudioVersion = 17.7.34302.85
MinimumVisualStudioVersion = 10.0.40219.1
Project("{FAE04EC0-301F-11D3-BF4B-00C04F79EFBC}") = "test_12.7", "test_12.7\test_12.7.csproj", "{0EAB7BF8-4F67-4D53-A704-34169ABF4AAF}"
EndProject
Global
	GlobalSection(SolutionConfigurationPlatforms) = preSolution
		Debug|Any CPU = Debug|Any CPU
		Release|Any CPU = Release|Any CPU
	EndGlobalSection
	GlobalSection(ProjectConfigurationPlatforms) = postSolution
		{0EAB7BF8-4F67-4D53-A704-34169ABF4AAF}.Debug|Any CPU.ActiveCfg = Debug|Any CPU
		{0EAB7BF8-4F67-4D53-A704-34169ABF4AAF}.Debug|Any CPU.Build.0 = Debug|Any CPU
		{0EAB7BF8-4F67-4D53-A704-34169ABF4AAF}.Release|Any CPU.ActiveCfg = Release|Any CPU
		{0EAB7BF8-4F67-4D53-A704-34169ABF4AAF}.Release|Any CPU.Build.0 = Release|Any CPU
	EndGlobalSection
	GlobalSection(SolutionProperties) = preSolution
		HideSolutionNode = FALSE
	EndGlobalSection
	GlobalSection(ExtensibilityGlobals) = postSolution
		SolutionGuid = {59D92E36-87EE-454E-A24B-4781E15944C6}
	EndGlobalSection
EndGlobal
