
Microsoft Visual Studio Solution File, Format Version 12.00
# Visual Studio Version 17
VisualStudioVersion = 17.6.33801.468
MinimumVisualStudioVersion = 10.0.40219.1
Project("{8BC9CEB8-8B4A-11D0-8D11-00A0C91BC942}") = "test_7.7", "test_7.7\test_7.7.vcxproj", "{485EDFD0-1BDA-4AE7-8DC9-C19F18D2CC65}"
EndProject
Global
	GlobalSection(SolutionConfigurationPlatforms) = preSolution
		Debug|x64 = Debug|x64
		Debug|x86 = Debug|x86
		Release|x64 = Release|x64
		Release|x86 = Release|x86
	EndGlobalSection
	GlobalSection(ProjectConfigurationPlatforms) = postSolution
		{485EDFD0-1BDA-4AE7-8DC9-C19F18D2CC65}.Debug|x64.ActiveCfg = Debug|x64
		{485EDFD0-1BDA-4AE7-8DC9-C19F18D2CC65}.Debug|x64.Build.0 = Debug|x64
		{485EDFD0-1BDA-4AE7-8DC9-C19F18D2CC65}.Debug|x86.ActiveCfg = Debug|Win32
		{485EDFD0-1BDA-4AE7-8DC9-C19F18D2CC65}.Debug|x86.Build.0 = Debug|Win32
		{485EDFD0-1BDA-4AE7-8DC9-C19F18D2CC65}.Release|x64.ActiveCfg = Release|x64
		{485EDFD0-1BDA-4AE7-8DC9-C19F18D2CC65}.Release|x64.Build.0 = Release|x64
		{485EDFD0-1BDA-4AE7-8DC9-C19F18D2CC65}.Release|x86.ActiveCfg = Release|Win32
		{485EDFD0-1BDA-4AE7-8DC9-C19F18D2CC65}.Release|x86.Build.0 = Release|Win32
	EndGlobalSection
	GlobalSection(SolutionProperties) = preSolution
		HideSolutionNode = FALSE
	EndGlobalSection
	GlobalSection(ExtensibilityGlobals) = postSolution
		SolutionGuid = {6A05C03B-3202-43CA-9C54-E446E05C4D78}
	EndGlobalSection
EndGlobal
