
Microsoft Visual Studio Solution File, Format Version 12.00
# Visual Studio Version 17
VisualStudioVersion = 17.9.34622.214
MinimumVisualStudioVersion = 10.0.40219.1
Project("{8BC9CEB8-8B4A-11D0-8D11-00A0C91BC942}") = "test_6.28", "test_6.28\test_6.28.vcxproj", "{A27FA14C-10AF-46DD-9699-09A748972AEF}"
EndProject
Global
	GlobalSection(SolutionConfigurationPlatforms) = preSolution
		Debug|x64 = Debug|x64
		Debug|x86 = Debug|x86
		Release|x64 = Release|x64
		Release|x86 = Release|x86
	EndGlobalSection
	GlobalSection(ProjectConfigurationPlatforms) = postSolution
		{A27FA14C-10AF-46DD-9699-09A748972AEF}.Debug|x64.ActiveCfg = Debug|x64
		{A27FA14C-10AF-46DD-9699-09A748972AEF}.Debug|x64.Build.0 = Debug|x64
		{A27FA14C-10AF-46DD-9699-09A748972AEF}.Debug|x86.ActiveCfg = Debug|Win32
		{A27FA14C-10AF-46DD-9699-09A748972AEF}.Debug|x86.Build.0 = Debug|Win32
		{A27FA14C-10AF-46DD-9699-09A748972AEF}.Release|x64.ActiveCfg = Release|x64
		{A27FA14C-10AF-46DD-9699-09A748972AEF}.Release|x64.Build.0 = Release|x64
		{A27FA14C-10AF-46DD-9699-09A748972AEF}.Release|x86.ActiveCfg = Release|Win32
		{A27FA14C-10AF-46DD-9699-09A748972AEF}.Release|x86.Build.0 = Release|Win32
	EndGlobalSection
	GlobalSection(SolutionProperties) = preSolution
		HideSolutionNode = FALSE
	EndGlobalSection
	GlobalSection(ExtensibilityGlobals) = postSolution
		SolutionGuid = {A25738D5-7A92-4CA3-9043-F4227C331167}
	EndGlobalSection
EndGlobal
