
Microsoft Visual Studio Solution File, Format Version 12.00
# Visual Studio Version 17
VisualStudioVersion = 17.9.34622.214
MinimumVisualStudioVersion = 10.0.40219.1
Project("{8BC9CEB8-8B4A-11D0-8D11-00A0C91BC942}") = "test_5.16", "test_5.16\test_5.16.vcxproj", "{1565BD77-451F-4D55-8BBA-B1BED473CC8B}"
EndProject
Global
	GlobalSection(SolutionConfigurationPlatforms) = preSolution
		Debug|x64 = Debug|x64
		Debug|x86 = Debug|x86
		Release|x64 = Release|x64
		Release|x86 = Release|x86
	EndGlobalSection
	GlobalSection(ProjectConfigurationPlatforms) = postSolution
		{1565BD77-451F-4D55-8BBA-B1BED473CC8B}.Debug|x64.ActiveCfg = Debug|x64
		{1565BD77-451F-4D55-8BBA-B1BED473CC8B}.Debug|x64.Build.0 = Debug|x64
		{1565BD77-451F-4D55-8BBA-B1BED473CC8B}.Debug|x86.ActiveCfg = Debug|Win32
		{1565BD77-451F-4D55-8BBA-B1BED473CC8B}.Debug|x86.Build.0 = Debug|Win32
		{1565BD77-451F-4D55-8BBA-B1BED473CC8B}.Release|x64.ActiveCfg = Release|x64
		{1565BD77-451F-4D55-8BBA-B1BED473CC8B}.Release|x64.Build.0 = Release|x64
		{1565BD77-451F-4D55-8BBA-B1BED473CC8B}.Release|x86.ActiveCfg = Release|Win32
		{1565BD77-451F-4D55-8BBA-B1BED473CC8B}.Release|x86.Build.0 = Release|Win32
	EndGlobalSection
	GlobalSection(SolutionProperties) = preSolution
		HideSolutionNode = FALSE
	EndGlobalSection
	GlobalSection(ExtensibilityGlobals) = postSolution
		SolutionGuid = {891C0174-4319-430D-905A-69B5B147F9A9}
	EndGlobalSection
EndGlobal
