
Microsoft Visual Studio Solution File, Format Version 12.00
# Visual Studio Version 17
VisualStudioVersion = 17.4.33403.182
MinimumVisualStudioVersion = 10.0.40219.1
Project("{8BC9CEB8-8B4A-11D0-8D11-00A0C91BC942}") = "test_3.20", "test_3.20\test_3.20.vcxproj", "{D301DFC5-7CCB-4BAA-951D-C2D5C7969695}"
EndProject
Global
	GlobalSection(SolutionConfigurationPlatforms) = preSolution
		Debug|x64 = Debug|x64
		Debug|x86 = Debug|x86
		Release|x64 = Release|x64
		Release|x86 = Release|x86
	EndGlobalSection
	GlobalSection(ProjectConfigurationPlatforms) = postSolution
		{D301DFC5-7CCB-4BAA-951D-C2D5C7969695}.Debug|x64.ActiveCfg = Debug|x64
		{D301DFC5-7CCB-4BAA-951D-C2D5C7969695}.Debug|x64.Build.0 = Debug|x64
		{D301DFC5-7CCB-4BAA-951D-C2D5C7969695}.Debug|x86.ActiveCfg = Debug|Win32
		{D301DFC5-7CCB-4BAA-951D-C2D5C7969695}.Debug|x86.Build.0 = Debug|Win32
		{D301DFC5-7CCB-4BAA-951D-C2D5C7969695}.Release|x64.ActiveCfg = Release|x64
		{D301DFC5-7CCB-4BAA-951D-C2D5C7969695}.Release|x64.Build.0 = Release|x64
		{D301DFC5-7CCB-4BAA-951D-C2D5C7969695}.Release|x86.ActiveCfg = Release|Win32
		{D301DFC5-7CCB-4BAA-951D-C2D5C7969695}.Release|x86.Build.0 = Release|Win32
	EndGlobalSection
	GlobalSection(SolutionProperties) = preSolution
		HideSolutionNode = FALSE
	EndGlobalSection
	GlobalSection(ExtensibilityGlobals) = postSolution
		SolutionGuid = {CF2DA108-36C6-4E4E-9759-7A109F6D2830}
	EndGlobalSection
EndGlobal
