
Microsoft Visual Studio Solution File, Format Version 12.00
# Visual Studio Version 17
VisualStudioVersion = 17.13.35913.81 d17.13
MinimumVisualStudioVersion = 10.0.40219.1
Project("{8BC9CEB8-8B4A-11D0-8D11-00A0C91BC942}") = "test_4.19", "test_4.19\test_4.19.vcxproj", "{B0658D74-066E-401F-8262-79ED6E5B96D5}"
EndProject
Global
	GlobalSection(SolutionConfigurationPlatforms) = preSolution
		Debug|x64 = Debug|x64
		Debug|x86 = Debug|x86
		Release|x64 = Release|x64
		Release|x86 = Release|x86
	EndGlobalSection
	GlobalSection(ProjectConfigurationPlatforms) = postSolution
		{B0658D74-066E-401F-8262-79ED6E5B96D5}.Debug|x64.ActiveCfg = Debug|x64
		{B0658D74-066E-401F-8262-79ED6E5B96D5}.Debug|x64.Build.0 = Debug|x64
		{B0658D74-066E-401F-8262-79ED6E5B96D5}.Debug|x86.ActiveCfg = Debug|Win32
		{B0658D74-066E-401F-8262-79ED6E5B96D5}.Debug|x86.Build.0 = Debug|Win32
		{B0658D74-066E-401F-8262-79ED6E5B96D5}.Release|x64.ActiveCfg = Release|x64
		{B0658D74-066E-401F-8262-79ED6E5B96D5}.Release|x64.Build.0 = Release|x64
		{B0658D74-066E-401F-8262-79ED6E5B96D5}.Release|x86.ActiveCfg = Release|Win32
		{B0658D74-066E-401F-8262-79ED6E5B96D5}.Release|x86.Build.0 = Release|Win32
	EndGlobalSection
	GlobalSection(SolutionProperties) = preSolution
		HideSolutionNode = FALSE
	EndGlobalSection
	GlobalSection(ExtensibilityGlobals) = postSolution
		SolutionGuid = {2FB0C2DA-7DCE-4026-9A4A-2950402127B6}
	EndGlobalSection
EndGlobal
