
Microsoft Visual Studio Solution File, Format Version 12.00
# Visual Studio Version 17
VisualStudioVersion = 17.9.34622.214
MinimumVisualStudioVersion = 10.0.40219.1
Project("{8BC9CEB8-8B4A-11D0-8D11-00A0C91BC942}") = "test_3.29", "test_3.29\test_3.29.vcxproj", "{3386A63D-7580-4954-8485-B9363CD58C0D}"
EndProject
Global
	GlobalSection(SolutionConfigurationPlatforms) = preSolution
		Debug|x64 = Debug|x64
		Debug|x86 = Debug|x86
		Release|x64 = Release|x64
		Release|x86 = Release|x86
	EndGlobalSection
	GlobalSection(ProjectConfigurationPlatforms) = postSolution
		{3386A63D-7580-4954-8485-B9363CD58C0D}.Debug|x64.ActiveCfg = Debug|x64
		{3386A63D-7580-4954-8485-B9363CD58C0D}.Debug|x64.Build.0 = Debug|x64
		{3386A63D-7580-4954-8485-B9363CD58C0D}.Debug|x86.ActiveCfg = Debug|Win32
		{3386A63D-7580-4954-8485-B9363CD58C0D}.Debug|x86.Build.0 = Debug|Win32
		{3386A63D-7580-4954-8485-B9363CD58C0D}.Release|x64.ActiveCfg = Release|x64
		{3386A63D-7580-4954-8485-B9363CD58C0D}.Release|x64.Build.0 = Release|x64
		{3386A63D-7580-4954-8485-B9363CD58C0D}.Release|x86.ActiveCfg = Release|Win32
		{3386A63D-7580-4954-8485-B9363CD58C0D}.Release|x86.Build.0 = Release|Win32
	EndGlobalSection
	GlobalSection(SolutionProperties) = preSolution
		HideSolutionNode = FALSE
	EndGlobalSection
	GlobalSection(ExtensibilityGlobals) = postSolution
		SolutionGuid = {1FC191D7-8E9F-4BFA-AD30-3E3D8C72C65E}
	EndGlobalSection
EndGlobal
