
Microsoft Visual Studio Solution File, Format Version 12.00
# Visual Studio Version 17
VisualStudioVersion = 17.11.35327.3
MinimumVisualStudioVersion = 10.0.40219.1
Project("{8BC9CEB8-8B4A-11D0-8D11-00A0C91BC942}") = "test_11.26", "test_11.26\test_11.26.vcxproj", "{CE4E83D3-19BB-4B58-B9EA-E4442CB9F9AE}"
EndProject
Global
	GlobalSection(SolutionConfigurationPlatforms) = preSolution
		Debug|x64 = Debug|x64
		Debug|x86 = Debug|x86
		Release|x64 = Release|x64
		Release|x86 = Release|x86
	EndGlobalSection
	GlobalSection(ProjectConfigurationPlatforms) = postSolution
		{CE4E83D3-19BB-4B58-B9EA-E4442CB9F9AE}.Debug|x64.ActiveCfg = Debug|x64
		{CE4E83D3-19BB-4B58-B9EA-E4442CB9F9AE}.Debug|x64.Build.0 = Debug|x64
		{CE4E83D3-19BB-4B58-B9EA-E4442CB9F9AE}.Debug|x86.ActiveCfg = Debug|Win32
		{CE4E83D3-19BB-4B58-B9EA-E4442CB9F9AE}.Debug|x86.Build.0 = Debug|Win32
		{CE4E83D3-19BB-4B58-B9EA-E4442CB9F9AE}.Release|x64.ActiveCfg = Release|x64
		{CE4E83D3-19BB-4B58-B9EA-E4442CB9F9AE}.Release|x64.Build.0 = Release|x64
		{CE4E83D3-19BB-4B58-B9EA-E4442CB9F9AE}.Release|x86.ActiveCfg = Release|Win32
		{CE4E83D3-19BB-4B58-B9EA-E4442CB9F9AE}.Release|x86.Build.0 = Release|Win32
	EndGlobalSection
	GlobalSection(SolutionProperties) = preSolution
		HideSolutionNode = FALSE
	EndGlobalSection
	GlobalSection(ExtensibilityGlobals) = postSolution
		SolutionGuid = {C3D660C3-56D4-489F-9991-A7A0F792CD7C}
	EndGlobalSection
EndGlobal
