
Microsoft Visual Studio Solution File, Format Version 12.00
# Visual Studio Version 17
VisualStudioVersion = 17.7.34302.85
MinimumVisualStudioVersion = 10.0.40219.1
Project("{8BC9CEB8-8B4A-11D0-8D11-00A0C91BC942}") = "test_1.12", "test_1.12\test_1.12.vcxproj", "{4B343C86-36D5-4612-B751-BB4C16F7F254}"
EndProject
Global
	GlobalSection(SolutionConfigurationPlatforms) = preSolution
		Debug|x64 = Debug|x64
		Debug|x86 = Debug|x86
		Release|x64 = Release|x64
		Release|x86 = Release|x86
	EndGlobalSection
	GlobalSection(ProjectConfigurationPlatforms) = postSolution
		{4B343C86-36D5-4612-B751-BB4C16F7F254}.Debug|x64.ActiveCfg = Debug|x64
		{4B343C86-36D5-4612-B751-BB4C16F7F254}.Debug|x64.Build.0 = Debug|x64
		{4B343C86-36D5-4612-B751-BB4C16F7F254}.Debug|x86.ActiveCfg = Debug|Win32
		{4B343C86-36D5-4612-B751-BB4C16F7F254}.Debug|x86.Build.0 = Debug|Win32
		{4B343C86-36D5-4612-B751-BB4C16F7F254}.Release|x64.ActiveCfg = Release|x64
		{4B343C86-36D5-4612-B751-BB4C16F7F254}.Release|x64.Build.0 = Release|x64
		{4B343C86-36D5-4612-B751-BB4C16F7F254}.Release|x86.ActiveCfg = Release|Win32
		{4B343C86-36D5-4612-B751-BB4C16F7F254}.Release|x86.Build.0 = Release|Win32
	EndGlobalSection
	GlobalSection(SolutionProperties) = preSolution
		HideSolutionNode = FALSE
	EndGlobalSection
	GlobalSection(ExtensibilityGlobals) = postSolution
		SolutionGuid = {BDD89C98-BEAC-4BBF-9D34-AB0E75EC7E0A}
	EndGlobalSection
EndGlobal
