
Microsoft Visual Studio Solution File, Format Version 12.00
# Visual Studio Version 17
VisualStudioVersion = 17.9.34622.214
MinimumVisualStudioVersion = 10.0.40219.1
Project("{8BC9CEB8-8B4A-11D0-8D11-00A0C91BC942}") = "test_5.3", "test_5.3\test_5.3.vcxproj", "{5A772999-8AC6-4537-955E-72637CEAA85E}"
EndProject
Global
	GlobalSection(SolutionConfigurationPlatforms) = preSolution
		Debug|x64 = Debug|x64
		Debug|x86 = Debug|x86
		Release|x64 = Release|x64
		Release|x86 = Release|x86
	EndGlobalSection
	GlobalSection(ProjectConfigurationPlatforms) = postSolution
		{5A772999-8AC6-4537-955E-72637CEAA85E}.Debug|x64.ActiveCfg = Debug|x64
		{5A772999-8AC6-4537-955E-72637CEAA85E}.Debug|x64.Build.0 = Debug|x64
		{5A772999-8AC6-4537-955E-72637CEAA85E}.Debug|x86.ActiveCfg = Debug|Win32
		{5A772999-8AC6-4537-955E-72637CEAA85E}.Debug|x86.Build.0 = Debug|Win32
		{5A772999-8AC6-4537-955E-72637CEAA85E}.Release|x64.ActiveCfg = Release|x64
		{5A772999-8AC6-4537-955E-72637CEAA85E}.Release|x64.Build.0 = Release|x64
		{5A772999-8AC6-4537-955E-72637CEAA85E}.Release|x86.ActiveCfg = Release|Win32
		{5A772999-8AC6-4537-955E-72637CEAA85E}.Release|x86.Build.0 = Release|Win32
	EndGlobalSection
	GlobalSection(SolutionProperties) = preSolution
		HideSolutionNode = FALSE
	EndGlobalSection
	GlobalSection(ExtensibilityGlobals) = postSolution
		SolutionGuid = {2FEBAA54-057D-4295-BDA2-7BF61BA6D555}
	EndGlobalSection
EndGlobal
