
Microsoft Visual Studio Solution File, Format Version 12.00
# Visual Studio Version 17
VisualStudioVersion = 17.7.34302.85
MinimumVisualStudioVersion = 10.0.40219.1
Project("{8BC9CEB8-8B4A-11D0-8D11-00A0C91BC942}") = "test_1.4", "test_1.4\test_1.4.vcxproj", "{04E5A24F-41F2-4D23-9214-89132E5AB13C}"
EndProject
Global
	GlobalSection(SolutionConfigurationPlatforms) = preSolution
		Debug|x64 = Debug|x64
		Debug|x86 = Debug|x86
		Release|x64 = Release|x64
		Release|x86 = Release|x86
	EndGlobalSection
	GlobalSection(ProjectConfigurationPlatforms) = postSolution
		{04E5A24F-41F2-4D23-9214-89132E5AB13C}.Debug|x64.ActiveCfg = Debug|x64
		{04E5A24F-41F2-4D23-9214-89132E5AB13C}.Debug|x64.Build.0 = Debug|x64
		{04E5A24F-41F2-4D23-9214-89132E5AB13C}.Debug|x86.ActiveCfg = Debug|Win32
		{04E5A24F-41F2-4D23-9214-89132E5AB13C}.Debug|x86.Build.0 = Debug|Win32
		{04E5A24F-41F2-4D23-9214-89132E5AB13C}.Release|x64.ActiveCfg = Release|x64
		{04E5A24F-41F2-4D23-9214-89132E5AB13C}.Release|x64.Build.0 = Release|x64
		{04E5A24F-41F2-4D23-9214-89132E5AB13C}.Release|x86.ActiveCfg = Release|Win32
		{04E5A24F-41F2-4D23-9214-89132E5AB13C}.Release|x86.Build.0 = Release|Win32
	EndGlobalSection
	GlobalSection(SolutionProperties) = preSolution
		HideSolutionNode = FALSE
	EndGlobalSection
	GlobalSection(ExtensibilityGlobals) = postSolution
		SolutionGuid = {2B56A6ED-48D1-4A1D-8534-EF87B34D4D79}
	EndGlobalSection
EndGlobal
