
Microsoft Visual Studio Solution File, Format Version 12.00
# Visual Studio Version 17
VisualStudioVersion = 17.9.34728.123
MinimumVisualStudioVersion = 10.0.40219.1
Project("{8BC9CEB8-8B4A-11D0-8D11-00A0C91BC942}") = "test_8.27", "test_8.27\test_8.27.vcxproj", "{CFA0DEE3-56E2-4A56-9D04-1E248A2F6B47}"
EndProject
Global
	GlobalSection(SolutionConfigurationPlatforms) = preSolution
		Debug|x64 = Debug|x64
		Debug|x86 = Debug|x86
		Release|x64 = Release|x64
		Release|x86 = Release|x86
	EndGlobalSection
	GlobalSection(ProjectConfigurationPlatforms) = postSolution
		{CFA0DEE3-56E2-4A56-9D04-1E248A2F6B47}.Debug|x64.ActiveCfg = Debug|x64
		{CFA0DEE3-56E2-4A56-9D04-1E248A2F6B47}.Debug|x64.Build.0 = Debug|x64
		{CFA0DEE3-56E2-4A56-9D04-1E248A2F6B47}.Debug|x86.ActiveCfg = Debug|Win32
		{CFA0DEE3-56E2-4A56-9D04-1E248A2F6B47}.Debug|x86.Build.0 = Debug|Win32
		{CFA0DEE3-56E2-4A56-9D04-1E248A2F6B47}.Release|x64.ActiveCfg = Release|x64
		{CFA0DEE3-56E2-4A56-9D04-1E248A2F6B47}.Release|x64.Build.0 = Release|x64
		{CFA0DEE3-56E2-4A56-9D04-1E248A2F6B47}.Release|x86.ActiveCfg = Release|Win32
		{CFA0DEE3-56E2-4A56-9D04-1E248A2F6B47}.Release|x86.Build.0 = Release|Win32
	EndGlobalSection
	GlobalSection(SolutionProperties) = preSolution
		HideSolutionNode = FALSE
	EndGlobalSection
	GlobalSection(ExtensibilityGlobals) = postSolution
		SolutionGuid = {51416D78-B7E4-4847-8E7C-5DB11B6EFA1F}
	EndGlobalSection
EndGlobal
