
Microsoft Visual Studio Solution File, Format Version 12.00
# Visual Studio Version 17
VisualStudioVersion = 17.6.33801.468
MinimumVisualStudioVersion = 10.0.40219.1
Project("{8BC9CEB8-8B4A-11D0-8D11-00A0C91BC942}") = "test_7.14", "test_7.14\test_7.14.vcxproj", "{43ECAC6A-A8CE-4062-8D1A-8661A42F30FD}"
EndProject
Global
	GlobalSection(SolutionConfigurationPlatforms) = preSolution
		Debug|x64 = Debug|x64
		Debug|x86 = Debug|x86
		Release|x64 = Release|x64
		Release|x86 = Release|x86
	EndGlobalSection
	GlobalSection(ProjectConfigurationPlatforms) = postSolution
		{43ECAC6A-A8CE-4062-8D1A-8661A42F30FD}.Debug|x64.ActiveCfg = Debug|x64
		{43ECAC6A-A8CE-4062-8D1A-8661A42F30FD}.Debug|x64.Build.0 = Debug|x64
		{43ECAC6A-A8CE-4062-8D1A-8661A42F30FD}.Debug|x86.ActiveCfg = Debug|Win32
		{43ECAC6A-A8CE-4062-8D1A-8661A42F30FD}.Debug|x86.Build.0 = Debug|Win32
		{43ECAC6A-A8CE-4062-8D1A-8661A42F30FD}.Release|x64.ActiveCfg = Release|x64
		{43ECAC6A-A8CE-4062-8D1A-8661A42F30FD}.Release|x64.Build.0 = Release|x64
		{43ECAC6A-A8CE-4062-8D1A-8661A42F30FD}.Release|x86.ActiveCfg = Release|Win32
		{43ECAC6A-A8CE-4062-8D1A-8661A42F30FD}.Release|x86.Build.0 = Release|Win32
	EndGlobalSection
	GlobalSection(SolutionProperties) = preSolution
		HideSolutionNode = FALSE
	EndGlobalSection
	GlobalSection(ExtensibilityGlobals) = postSolution
		SolutionGuid = {C883891E-3F62-4D5F-BF00-DDA7F90BAE55}
	EndGlobalSection
EndGlobal
