
Microsoft Visual Studio Solution File, Format Version 12.00
# Visual Studio Version 17
VisualStudioVersion = 17.9.34622.214
MinimumVisualStudioVersion = 10.0.40219.1
Project("{8BC9CEB8-8B4A-11D0-8D11-00A0C91BC942}") = "test_7.26", "test_7.26\test_7.26.vcxproj", "{AE337DD2-4055-40CD-B08D-327AC4B29424}"
EndProject
Global
	GlobalSection(SolutionConfigurationPlatforms) = preSolution
		Debug|x64 = Debug|x64
		Debug|x86 = Debug|x86
		Release|x64 = Release|x64
		Release|x86 = Release|x86
	EndGlobalSection
	GlobalSection(ProjectConfigurationPlatforms) = postSolution
		{AE337DD2-4055-40CD-B08D-327AC4B29424}.Debug|x64.ActiveCfg = Debug|x64
		{AE337DD2-4055-40CD-B08D-327AC4B29424}.Debug|x64.Build.0 = Debug|x64
		{AE337DD2-4055-40CD-B08D-327AC4B29424}.Debug|x86.ActiveCfg = Debug|Win32
		{AE337DD2-4055-40CD-B08D-327AC4B29424}.Debug|x86.Build.0 = Debug|Win32
		{AE337DD2-4055-40CD-B08D-327AC4B29424}.Release|x64.ActiveCfg = Release|x64
		{AE337DD2-4055-40CD-B08D-327AC4B29424}.Release|x64.Build.0 = Release|x64
		{AE337DD2-4055-40CD-B08D-327AC4B29424}.Release|x86.ActiveCfg = Release|Win32
		{AE337DD2-4055-40CD-B08D-327AC4B29424}.Release|x86.Build.0 = Release|Win32
	EndGlobalSection
	GlobalSection(SolutionProperties) = preSolution
		HideSolutionNode = FALSE
	EndGlobalSection
	GlobalSection(ExtensibilityGlobals) = postSolution
		SolutionGuid = {065E66F3-0FC7-490F-916D-ED97E039FC66}
	EndGlobalSection
EndGlobal
