
Microsoft Visual Studio Solution File, Format Version 12.00
# Visual Studio Version 17
VisualStudioVersion = 17.7.34302.85
MinimumVisualStudioVersion = 10.0.40219.1
Project("{8BC9CEB8-8B4A-11D0-8D11-00A0C91BC942}") = "test_12.22", "test_12.22\test_12.22.vcxproj", "{5943F6D0-8404-4805-8F65-65D8FA806241}"
EndProject
Global
	GlobalSection(SolutionConfigurationPlatforms) = preSolution
		Debug|x64 = Debug|x64
		Debug|x86 = Debug|x86
		Release|x64 = Release|x64
		Release|x86 = Release|x86
	EndGlobalSection
	GlobalSection(ProjectConfigurationPlatforms) = postSolution
		{5943F6D0-8404-4805-8F65-65D8FA806241}.Debug|x64.ActiveCfg = Debug|x64
		{5943F6D0-8404-4805-8F65-65D8FA806241}.Debug|x64.Build.0 = Debug|x64
		{5943F6D0-8404-4805-8F65-65D8FA806241}.Debug|x86.ActiveCfg = Debug|Win32
		{5943F6D0-8404-4805-8F65-65D8FA806241}.Debug|x86.Build.0 = Debug|Win32
		{5943F6D0-8404-4805-8F65-65D8FA806241}.Release|x64.ActiveCfg = Release|x64
		{5943F6D0-8404-4805-8F65-65D8FA806241}.Release|x64.Build.0 = Release|x64
		{5943F6D0-8404-4805-8F65-65D8FA806241}.Release|x86.ActiveCfg = Release|Win32
		{5943F6D0-8404-4805-8F65-65D8FA806241}.Release|x86.Build.0 = Release|Win32
	EndGlobalSection
	GlobalSection(SolutionProperties) = preSolution
		HideSolutionNode = FALSE
	EndGlobalSection
	GlobalSection(ExtensibilityGlobals) = postSolution
		SolutionGuid = {34B59A86-5103-42F5-8450-934F0ACE44B5}
	EndGlobalSection
EndGlobal
