
Microsoft Visual Studio Solution File, Format Version 12.00
# Visual Studio Version 17
VisualStudioVersion = 17.6.33829.357
MinimumVisualStudioVersion = 10.0.40219.1
Project("{8BC9CEB8-8B4A-11D0-8D11-00A0C91BC942}") = "test_7.28(priority_queue 模拟实现)", "test_7.28(priority_queue 模拟实现)\test_7.28(priority_queue 模拟实现).vcxproj", "{2C57311A-C9D0-4587-9A33-34D5C5413E20}"
EndProject
Global
	GlobalSection(SolutionConfigurationPlatforms) = preSolution
		Debug|x64 = Debug|x64
		Debug|x86 = Debug|x86
		Release|x64 = Release|x64
		Release|x86 = Release|x86
	EndGlobalSection
	GlobalSection(ProjectConfigurationPlatforms) = postSolution
		{2C57311A-C9D0-4587-9A33-34D5C5413E20}.Debug|x64.ActiveCfg = Debug|x64
		{2C57311A-C9D0-4587-9A33-34D5C5413E20}.Debug|x64.Build.0 = Debug|x64
		{2C57311A-C9D0-4587-9A33-34D5C5413E20}.Debug|x86.ActiveCfg = Debug|Win32
		{2C57311A-C9D0-4587-9A33-34D5C5413E20}.Debug|x86.Build.0 = Debug|Win32
		{2C57311A-C9D0-4587-9A33-34D5C5413E20}.Release|x64.ActiveCfg = Release|x64
		{2C57311A-C9D0-4587-9A33-34D5C5413E20}.Release|x64.Build.0 = Release|x64
		{2C57311A-C9D0-4587-9A33-34D5C5413E20}.Release|x86.ActiveCfg = Release|Win32
		{2C57311A-C9D0-4587-9A33-34D5C5413E20}.Release|x86.Build.0 = Release|Win32
	EndGlobalSection
	GlobalSection(SolutionProperties) = preSolution
		HideSolutionNode = FALSE
	EndGlobalSection
	GlobalSection(ExtensibilityGlobals) = postSolution
		SolutionGuid = {59E2EF70-C519-4485-87C6-6594FF0DB61F}
	EndGlobalSection
EndGlobal
