
Microsoft Visual Studio Solution File, Format Version 12.00
# Visual Studio Version 17
VisualStudioVersion = 17.9.34622.214
MinimumVisualStudioVersion = 10.0.40219.1
Project("{8BC9CEB8-8B4A-11D0-8D11-00A0C91BC942}") = "test_3.25", "test_3.25\test_3.25.vcxproj", "{3503EFC6-7299-41CD-9E74-40196345F187}"
EndProject
Global
	GlobalSection(SolutionConfigurationPlatforms) = preSolution
		Debug|x64 = Debug|x64
		Debug|x86 = Debug|x86
		Release|x64 = Release|x64
		Release|x86 = Release|x86
	EndGlobalSection
	GlobalSection(ProjectConfigurationPlatforms) = postSolution
		{3503EFC6-7299-41CD-9E74-40196345F187}.Debug|x64.ActiveCfg = Debug|x64
		{3503EFC6-7299-41CD-9E74-40196345F187}.Debug|x64.Build.0 = Debug|x64
		{3503EFC6-7299-41CD-9E74-40196345F187}.Debug|x86.ActiveCfg = Debug|Win32
		{3503EFC6-7299-41CD-9E74-40196345F187}.Debug|x86.Build.0 = Debug|Win32
		{3503EFC6-7299-41CD-9E74-40196345F187}.Release|x64.ActiveCfg = Release|x64
		{3503EFC6-7299-41CD-9E74-40196345F187}.Release|x64.Build.0 = Release|x64
		{3503EFC6-7299-41CD-9E74-40196345F187}.Release|x86.ActiveCfg = Release|Win32
		{3503EFC6-7299-41CD-9E74-40196345F187}.Release|x86.Build.0 = Release|Win32
	EndGlobalSection
	GlobalSection(SolutionProperties) = preSolution
		HideSolutionNode = FALSE
	EndGlobalSection
	GlobalSection(ExtensibilityGlobals) = postSolution
		SolutionGuid = {B46CF7E1-D989-4598-9BFA-63CAD0BAB46C}
	EndGlobalSection
EndGlobal
