
Microsoft Visual Studio Solution File, Format Version 12.00
# Visual Studio Version 17
VisualStudioVersion = 17.9.34622.214
MinimumVisualStudioVersion = 10.0.40219.1
Project("{8BC9CEB8-8B4A-11D0-8D11-00A0C91BC942}") = "test_6.20", "test_6.20\test_6.20.vcxproj", "{BEAA056A-B979-43B6-9A3B-2AD46E922841}"
EndProject
Global
	GlobalSection(SolutionConfigurationPlatforms) = preSolution
		Debug|x64 = Debug|x64
		Debug|x86 = Debug|x86
		Release|x64 = Release|x64
		Release|x86 = Release|x86
	EndGlobalSection
	GlobalSection(ProjectConfigurationPlatforms) = postSolution
		{BEAA056A-B979-43B6-9A3B-2AD46E922841}.Debug|x64.ActiveCfg = Debug|x64
		{BEAA056A-B979-43B6-9A3B-2AD46E922841}.Debug|x64.Build.0 = Debug|x64
		{BEAA056A-B979-43B6-9A3B-2AD46E922841}.Debug|x86.ActiveCfg = Debug|Win32
		{BEAA056A-B979-43B6-9A3B-2AD46E922841}.Debug|x86.Build.0 = Debug|Win32
		{BEAA056A-B979-43B6-9A3B-2AD46E922841}.Release|x64.ActiveCfg = Release|x64
		{BEAA056A-B979-43B6-9A3B-2AD46E922841}.Release|x64.Build.0 = Release|x64
		{BEAA056A-B979-43B6-9A3B-2AD46E922841}.Release|x86.ActiveCfg = Release|Win32
		{BEAA056A-B979-43B6-9A3B-2AD46E922841}.Release|x86.Build.0 = Release|Win32
	EndGlobalSection
	GlobalSection(SolutionProperties) = preSolution
		HideSolutionNode = FALSE
	EndGlobalSection
	GlobalSection(ExtensibilityGlobals) = postSolution
		SolutionGuid = {75947C73-F8A8-42A1-BFF8-9E7B934D4AA5}
	EndGlobalSection
EndGlobal
