
Microsoft Visual Studio Solution File, Format Version 12.00
# Visual Studio Version 17
VisualStudioVersion = 17.4.33403.182
MinimumVisualStudioVersion = 10.0.40219.1
Project("{8BC9CEB8-8B4A-11D0-8D11-00A0C91BC942}") = "test_4.5", "test_4.5\test_4.5.vcxproj", "{DE308A73-868C-40EA-860B-DD91D7DCD755}"
EndProject
Global
	GlobalSection(SolutionConfigurationPlatforms) = preSolution
		Debug|x64 = Debug|x64
		Debug|x86 = Debug|x86
		Release|x64 = Release|x64
		Release|x86 = Release|x86
	EndGlobalSection
	GlobalSection(ProjectConfigurationPlatforms) = postSolution
		{DE308A73-868C-40EA-860B-DD91D7DCD755}.Debug|x64.ActiveCfg = Debug|x64
		{DE308A73-868C-40EA-860B-DD91D7DCD755}.Debug|x64.Build.0 = Debug|x64
		{DE308A73-868C-40EA-860B-DD91D7DCD755}.Debug|x86.ActiveCfg = Debug|Win32
		{DE308A73-868C-40EA-860B-DD91D7DCD755}.Debug|x86.Build.0 = Debug|Win32
		{DE308A73-868C-40EA-860B-DD91D7DCD755}.Release|x64.ActiveCfg = Release|x64
		{DE308A73-868C-40EA-860B-DD91D7DCD755}.Release|x64.Build.0 = Release|x64
		{DE308A73-868C-40EA-860B-DD91D7DCD755}.Release|x86.ActiveCfg = Release|Win32
		{DE308A73-868C-40EA-860B-DD91D7DCD755}.Release|x86.Build.0 = Release|Win32
	EndGlobalSection
	GlobalSection(SolutionProperties) = preSolution
		HideSolutionNode = FALSE
	EndGlobalSection
	GlobalSection(ExtensibilityGlobals) = postSolution
		SolutionGuid = {B3D7093D-9140-43FF-9FF1-40E725A52F7A}
	EndGlobalSection
EndGlobal
