
Microsoft Visual Studio Solution File, Format Version 12.00
# Visual Studio Version 17
VisualStudioVersion = 17.7.34024.191
MinimumVisualStudioVersion = 10.0.40219.1
Project("{8BC9CEB8-8B4A-11D0-8D11-00A0C91BC942}") = "test_9.22", "test_9.22\test_9.22.vcxproj", "{640AA163-A687-4531-9E4A-35F056E876E4}"
EndProject
Global
	GlobalSection(SolutionConfigurationPlatforms) = preSolution
		Debug|x64 = Debug|x64
		Debug|x86 = Debug|x86
		Release|x64 = Release|x64
		Release|x86 = Release|x86
	EndGlobalSection
	GlobalSection(ProjectConfigurationPlatforms) = postSolution
		{640AA163-A687-4531-9E4A-35F056E876E4}.Debug|x64.ActiveCfg = Debug|x64
		{640AA163-A687-4531-9E4A-35F056E876E4}.Debug|x64.Build.0 = Debug|x64
		{640AA163-A687-4531-9E4A-35F056E876E4}.Debug|x86.ActiveCfg = Debug|Win32
		{640AA163-A687-4531-9E4A-35F056E876E4}.Debug|x86.Build.0 = Debug|Win32
		{640AA163-A687-4531-9E4A-35F056E876E4}.Release|x64.ActiveCfg = Release|x64
		{640AA163-A687-4531-9E4A-35F056E876E4}.Release|x64.Build.0 = Release|x64
		{640AA163-A687-4531-9E4A-35F056E876E4}.Release|x86.ActiveCfg = Release|Win32
		{640AA163-A687-4531-9E4A-35F056E876E4}.Release|x86.Build.0 = Release|Win32
	EndGlobalSection
	GlobalSection(SolutionProperties) = preSolution
		HideSolutionNode = FALSE
	EndGlobalSection
	GlobalSection(ExtensibilityGlobals) = postSolution
		SolutionGuid = {43F8EE03-B490-40D0-B140-E9E5EAB899A2}
	EndGlobalSection
EndGlobal
