
Microsoft Visual Studio Solution File, Format Version 12.00
# Visual Studio Version 17
VisualStudioVersion = 17.6.33723.286
MinimumVisualStudioVersion = 10.0.40219.1
Project("{8BC9CEB8-8B4A-11D0-8D11-00A0C91BC942}") = "test_6.17", "test_6.17\test_6.17.vcxproj", "{80EFCFE0-94D1-4D48-A7C7-4CCE7C166ECF}"
EndProject
Global
	GlobalSection(SolutionConfigurationPlatforms) = preSolution
		Debug|x64 = Debug|x64
		Debug|x86 = Debug|x86
		Release|x64 = Release|x64
		Release|x86 = Release|x86
	EndGlobalSection
	GlobalSection(ProjectConfigurationPlatforms) = postSolution
		{80EFCFE0-94D1-4D48-A7C7-4CCE7C166ECF}.Debug|x64.ActiveCfg = Debug|x64
		{80EFCFE0-94D1-4D48-A7C7-4CCE7C166ECF}.Debug|x64.Build.0 = Debug|x64
		{80EFCFE0-94D1-4D48-A7C7-4CCE7C166ECF}.Debug|x86.ActiveCfg = Debug|Win32
		{80EFCFE0-94D1-4D48-A7C7-4CCE7C166ECF}.Debug|x86.Build.0 = Debug|Win32
		{80EFCFE0-94D1-4D48-A7C7-4CCE7C166ECF}.Release|x64.ActiveCfg = Release|x64
		{80EFCFE0-94D1-4D48-A7C7-4CCE7C166ECF}.Release|x64.Build.0 = Release|x64
		{80EFCFE0-94D1-4D48-A7C7-4CCE7C166ECF}.Release|x86.ActiveCfg = Release|Win32
		{80EFCFE0-94D1-4D48-A7C7-4CCE7C166ECF}.Release|x86.Build.0 = Release|Win32
	EndGlobalSection
	GlobalSection(SolutionProperties) = preSolution
		HideSolutionNode = FALSE
	EndGlobalSection
	GlobalSection(ExtensibilityGlobals) = postSolution
		SolutionGuid = {3D53C365-37ED-44C1-BAA6-D5DC3711DEEC}
	EndGlobalSection
EndGlobal
