
Microsoft Visual Studio Solution File, Format Version 12.00
# Visual Studio Version 17
VisualStudioVersion = 17.7.34031.279
MinimumVisualStudioVersion = 10.0.40219.1
Project("{8BC9CEB8-8B4A-11D0-8D11-00A0C91BC942}") = "test_10.29", "test_10.29\test_10.29.vcxproj", "{A0701FF1-DA56-463E-AE87-4EBE49DCDBA7}"
EndProject
Global
	GlobalSection(SolutionConfigurationPlatforms) = preSolution
		Debug|x64 = Debug|x64
		Debug|x86 = Debug|x86
		Release|x64 = Release|x64
		Release|x86 = Release|x86
	EndGlobalSection
	GlobalSection(ProjectConfigurationPlatforms) = postSolution
		{A0701FF1-DA56-463E-AE87-4EBE49DCDBA7}.Debug|x64.ActiveCfg = Debug|x64
		{A0701FF1-DA56-463E-AE87-4EBE49DCDBA7}.Debug|x64.Build.0 = Debug|x64
		{A0701FF1-DA56-463E-AE87-4EBE49DCDBA7}.Debug|x86.ActiveCfg = Debug|Win32
		{A0701FF1-DA56-463E-AE87-4EBE49DCDBA7}.Debug|x86.Build.0 = Debug|Win32
		{A0701FF1-DA56-463E-AE87-4EBE49DCDBA7}.Release|x64.ActiveCfg = Release|x64
		{A0701FF1-DA56-463E-AE87-4EBE49DCDBA7}.Release|x64.Build.0 = Release|x64
		{A0701FF1-DA56-463E-AE87-4EBE49DCDBA7}.Release|x86.ActiveCfg = Release|Win32
		{A0701FF1-DA56-463E-AE87-4EBE49DCDBA7}.Release|x86.Build.0 = Release|Win32
	EndGlobalSection
	GlobalSection(SolutionProperties) = preSolution
		HideSolutionNode = FALSE
	EndGlobalSection
	GlobalSection(ExtensibilityGlobals) = postSolution
		SolutionGuid = {9E0B176D-9930-4BC3-BC10-157773ECC60D}
	EndGlobalSection
EndGlobal
