
Microsoft Visual Studio Solution File, Format Version 12.00
# Visual Studio Version 17
VisualStudioVersion = 17.7.34031.279
MinimumVisualStudioVersion = 10.0.40219.1
Project("{8BC9CEB8-8B4A-11D0-8D11-00A0C91BC942}") = "test_10.11", "test_10.11\test_10.11.vcxproj", "{72B65654-59EA-4476-9414-EEA177E4EA6A}"
EndProject
Global
	GlobalSection(SolutionConfigurationPlatforms) = preSolution
		Debug|x64 = Debug|x64
		Debug|x86 = Debug|x86
		Release|x64 = Release|x64
		Release|x86 = Release|x86
	EndGlobalSection
	GlobalSection(ProjectConfigurationPlatforms) = postSolution
		{72B65654-59EA-4476-9414-EEA177E4EA6A}.Debug|x64.ActiveCfg = Debug|x64
		{72B65654-59EA-4476-9414-EEA177E4EA6A}.Debug|x64.Build.0 = Debug|x64
		{72B65654-59EA-4476-9414-EEA177E4EA6A}.Debug|x86.ActiveCfg = Debug|Win32
		{72B65654-59EA-4476-9414-EEA177E4EA6A}.Debug|x86.Build.0 = Debug|Win32
		{72B65654-59EA-4476-9414-EEA177E4EA6A}.Release|x64.ActiveCfg = Release|x64
		{72B65654-59EA-4476-9414-EEA177E4EA6A}.Release|x64.Build.0 = Release|x64
		{72B65654-59EA-4476-9414-EEA177E4EA6A}.Release|x86.ActiveCfg = Release|Win32
		{72B65654-59EA-4476-9414-EEA177E4EA6A}.Release|x86.Build.0 = Release|Win32
	EndGlobalSection
	GlobalSection(SolutionProperties) = preSolution
		HideSolutionNode = FALSE
	EndGlobalSection
	GlobalSection(ExtensibilityGlobals) = postSolution
		SolutionGuid = {E68C9AF4-E09A-453B-AC3D-6902DC53B94C}
	EndGlobalSection
EndGlobal
